// !$*UTF8*$!
{
	archiveVersion = 1;
	classes = {
	};
	objectVersion = 51;
	objects = {

/* Begin PBXBuildFile section */
		EA200B7D25B6D4EB0098330D /* CommonObject.swift in Sources */ = {isa = PBXBuildFile; fileRef = EA200B7C25B6D4EB0098330D /* CommonObject.swift */; };
		EA200B7F25B6D6080098330D /* CommonFunc.swift in Sources */ = {isa = PBXBuildFile; fileRef = EA200B7E25B6D6080098330D /* CommonFunc.swift */; };
		EA200B8125B6D69D0098330D /* WkWebviewMana.swift in Sources */ = {isa = PBXBuildFile; fileRef = EA200B8025B6D69D0098330D /* WkWebviewMana.swift */; };
		EA200B8325B6D7420098330D /* Extension.swift in Sources */ = {isa = PBXBuildFile; fileRef = EA200B8225B6D7420098330D /* Extension.swift */; };
		EA200B8625B6D83D0098330D /* DrawSignatureView.swift in Sources */ = {isa = PBXBuildFile; fileRef = EA200B8525B6D83D0098330D /* DrawSignatureView.swift */; };
		EA200B8825B6DA090098330D /* SignatureVC.swift in Sources */ = {isa = PBXBuildFile; fileRef = EA200B8725B6DA090098330D /* SignatureVC.swift */; };
		EA200B8A25B6E05E0098330D /* KeyChainManager.swift in Sources */ = {isa = PBXBuildFile; fileRef = EA200B8925B6E05E0098330D /* KeyChainManager.swift */; };
		EA48A10C25BA9C4D005718AF /* CommonAlert.swift in Sources */ = {isa = PBXBuildFile; fileRef = EA48A10B25BA9C4D005718AF /* CommonAlert.swift */; };
		EA74C42D25C13AB600473332 /* GoogleService-Info.plist in Resources */ = {isa = PBXBuildFile; fileRef = EA74C42C25C13AB600473332 /* GoogleService-Info.plist */; };
		EA99CF1D25B6BF2700355390 /* AppDelegate.swift in Sources */ = {isa = PBXBuildFile; fileRef = EA99CF1C25B6BF2700355390 /* AppDelegate.swift */; };
		EA99CF1F25B6BF2700355390 /* SceneDelegate.swift in Sources */ = {isa = PBXBuildFile; fileRef = EA99CF1E25B6BF2700355390 /* SceneDelegate.swift */; };
		EA99CF2125B6BF2700355390 /* ViewController.swift in Sources */ = {isa = PBXBuildFile; fileRef = EA99CF2025B6BF2700355390 /* ViewController.swift */; };
		EA99CF2425B6BF2700355390 /* Main.storyboard in Resources */ = {isa = PBXBuildFile; fileRef = EA99CF2225B6BF2700355390 /* Main.storyboard */; };
		EA99CF2625B6BF3000355390 /* Assets.xcassets in Resources */ = {isa = PBXBuildFile; fileRef = EA99CF2525B6BF3000355390 /* Assets.xcassets */; };
		EA99CF2925B6BF3000355390 /* LaunchScreen.storyboard in Resources */ = {isa = PBXBuildFile; fileRef = EA99CF2725B6BF3000355390 /* LaunchScreen.storyboard */; };
		EA99CF3425B6BF3100355390 /* _______Tests.swift in Sources */ = {isa = PBXBuildFile; fileRef = EA99CF3325B6BF3100355390 /* _______Tests.swift */; };
		EA99CF3F25B6BF3100355390 /* _______UITests.swift in Sources */ = {isa = PBXBuildFile; fileRef = EA99CF3E25B6BF3100355390 /* _______UITests.swift */; };
		EAA99A2E25E38961005FDAEA /* EnterBackgroundVC.swift in Sources */ = {isa = PBXBuildFile; fileRef = EAA99A2D25E38961005FDAEA /* EnterBackgroundVC.swift */; };
		EAC740C725B700F900881D5D /* AlamofireManager.swift in Sources */ = {isa = PBXBuildFile; fileRef = EAC740C625B700F900881D5D /* AlamofireManager.swift */; };
		EAC740CB25B71B2900881D5D /* RSAUtils.swift in Sources */ = {isa = PBXBuildFile; fileRef = EAC740CA25B71B2900881D5D /* RSAUtils.swift */; };
		EAC740D225B73FC300881D5D /* JSPOST.html in Resources */ = {isa = PBXBuildFile; fileRef = EAC740D125B73FC300881D5D /* JSPOST.html */; };
		EACA61C825BAA5AF00BF82B6 /* Font.swift in Sources */ = {isa = PBXBuildFile; fileRef = EACA61C725BAA5AF00BF82B6 /* Font.swift */; };
		EACDD2F925BAB6BC0005B9F2 /* PresetTableViewCell.swift in Sources */ = {isa = PBXBuildFile; fileRef = EACDD2F725BAB6BB0005B9F2 /* PresetTableViewCell.swift */; };
		EACDD2FA25BAB6BC0005B9F2 /* PresetsViewController.swift in Sources */ = {isa = PBXBuildFile; fileRef = EACDD2F825BAB6BC0005B9F2 /* PresetsViewController.swift */; };
		EACDD2FD25BAB7F90005B9F2 /* SelectionHeaderView.swift in Sources */ = {isa = PBXBuildFile; fileRef = EACDD2FC25BAB7F90005B9F2 /* SelectionHeaderView.swift */; };
		EACDD2FF25BAB8370005B9F2 /* PresetsDataSource.swift in Sources */ = {isa = PBXBuildFile; fileRef = EACDD2FE25BAB8370005B9F2 /* PresetsDataSource.swift */; };
		EACDD30125BAB87B0005B9F2 /* PresetDescription.swift in Sources */ = {isa = PBXBuildFile; fileRef = EACDD30025BAB87B0005B9F2 /* PresetDescription.swift */; };
		EACDD30325BAB9380005B9F2 /* UIColor+Utils.swift in Sources */ = {isa = PBXBuildFile; fileRef = EACDD30225BAB9380005B9F2 /* UIColor+Utils.swift */; };
		EACDD30625BABAD30005B9F2 /* ContactsViewController.swift in Sources */ = {isa = PBXBuildFile; fileRef = EACDD30425BABAD20005B9F2 /* ContactsViewController.swift */; };
		EACDD30725BABAD30005B9F2 /* ContactsViewController.xib in Resources */ = {isa = PBXBuildFile; fileRef = EACDD30525BABAD30005B9F2 /* ContactsViewController.xib */; };
		EACDD30925BABAEF0005B9F2 /* ExampleNavigationViewController.swift in Sources */ = {isa = PBXBuildFile; fileRef = EACDD30825BABAEF0005B9F2 /* ExampleNavigationViewController.swift */; };
		EACDD30C25BABB0A0005B9F2 /* NibExampleView.xib in Resources */ = {isa = PBXBuildFile; fileRef = EACDD30A25BABB0A0005B9F2 /* NibExampleView.xib */; };
		EACDD30D25BABB0A0005B9F2 /* NibExampleView.swift in Sources */ = {isa = PBXBuildFile; fileRef = EACDD30B25BABB0A0005B9F2 /* NibExampleView.swift */; };
		EACDD30F25BABB210005B9F2 /* ExampleViewController.swift in Sources */ = {isa = PBXBuildFile; fileRef = EACDD30E25BABB200005B9F2 /* ExampleViewController.swift */; };
		EACDD31125BABB5B0005B9F2 /* FormFieldPresetFactory.swift in Sources */ = {isa = PBXBuildFile; fileRef = EACDD31025BABB5B0005B9F2 /* FormFieldPresetFactory.swift */; };
		EACDD31425BABB8E0005B9F2 /* DescriptionViewController.swift in Sources */ = {isa = PBXBuildFile; fileRef = EACDD31225BABB8E0005B9F2 /* DescriptionViewController.swift */; };
		EACDD31525BABB8E0005B9F2 /* DescriptionViewController.xib in Resources */ = {isa = PBXBuildFile; fileRef = EACDD31325BABB8E0005B9F2 /* DescriptionViewController.xib */; };
		EAE95A1E25C8FBDF00B300F4 /* serverForssl.cer in Resources */ = {isa = PBXBuildFile; fileRef = EAE95A1D25C8FBDF00B300F4 /* serverForssl.cer */; };
/* End PBXBuildFile section */

/* Begin PBXContainerItemProxy section */
		EA99CF3025B6BF3100355390 /* PBXContainerItemProxy */ = {
			isa = PBXContainerItemProxy;
			containerPortal = EA99CF1125B6BF2700355390 /* Project object */;
			proxyType = 1;
			remoteGlobalIDString = EA99CF1825B6BF2700355390;
			remoteInfo = "陸軍服裝供售站";
		};
		EA99CF3B25B6BF3100355390 /* PBXContainerItemProxy */ = {
			isa = PBXContainerItemProxy;
			containerPortal = EA99CF1125B6BF2700355390 /* Project object */;
			proxyType = 1;
			remoteGlobalIDString = EA99CF1825B6BF2700355390;
			remoteInfo = "陸軍服裝供售站";
		};
/* End PBXContainerItemProxy section */

/* Begin PBXCopyFilesBuildPhase section */
		EAC740C125B700BC00881D5D /* Embed Frameworks */ = {
			isa = PBXCopyFilesBuildPhase;
			buildActionMask = 2147483647;
			dstPath = "";
			dstSubfolderSpec = 10;
			files = (
			);
			name = "Embed Frameworks";
			runOnlyForDeploymentPostprocessing = 0;
		};
/* End PBXCopyFilesBuildPhase section */

/* Begin PBXFileReference section */
		3A1FFB2B939C157DC2077B97 /* Pods-陸軍服裝供售站.debug.xcconfig */ = {isa = PBXFileReference; includeInIndex = 1; lastKnownFileType = text.xcconfig; name = "Pods-陸軍服裝供售站.debug.xcconfig"; path = "Target Support Files/Pods-陸軍服裝供售站/Pods-陸軍服裝供售站.debug.xcconfig"; sourceTree = "<group>"; };
		793E9DBA06A7BBDEA7EDBED7 /* Pods-陸軍服裝供售站.release.xcconfig */ = {isa = PBXFileReference; includeInIndex = 1; lastKnownFileType = text.xcconfig; name = "Pods-陸軍服裝供售站.release.xcconfig"; path = "Target Support Files/Pods-陸軍服裝供售站/Pods-陸軍服裝供售站.release.xcconfig"; sourceTree = "<group>"; };
		C8C34E5000454D659BC94D71 /* Pods________.framework */ = {isa = PBXFileReference; explicitFileType = wrapper.framework; includeInIndex = 0; path = "Pods________.framework"; sourceTree = BUILT_PRODUCTS_DIR; };
		EA200B7C25B6D4EB0098330D /* CommonObject.swift */ = {isa = PBXFileReference; lastKnownFileType = sourcecode.swift; path = CommonObject.swift; sourceTree = "<group>"; };
		EA200B7E25B6D6080098330D /* CommonFunc.swift */ = {isa = PBXFileReference; lastKnownFileType = sourcecode.swift; path = CommonFunc.swift; sourceTree = "<group>"; };
		EA200B8025B6D69D0098330D /* WkWebviewMana.swift */ = {isa = PBXFileReference; lastKnownFileType = sourcecode.swift; path = WkWebviewMana.swift; sourceTree = "<group>"; };
		EA200B8225B6D7420098330D /* Extension.swift */ = {isa = PBXFileReference; lastKnownFileType = sourcecode.swift; path = Extension.swift; sourceTree = "<group>"; };
		EA200B8525B6D83D0098330D /* DrawSignatureView.swift */ = {isa = PBXFileReference; lastKnownFileType = sourcecode.swift; path = DrawSignatureView.swift; sourceTree = "<group>"; };
		EA200B8725B6DA090098330D /* SignatureVC.swift */ = {isa = PBXFileReference; lastKnownFileType = sourcecode.swift; path = SignatureVC.swift; sourceTree = "<group>"; };
		EA200B8925B6E05E0098330D /* KeyChainManager.swift */ = {isa = PBXFileReference; lastKnownFileType = sourcecode.swift; path = KeyChainManager.swift; sourceTree = "<group>"; };
		EA331F6725BEB29500841D65 /* 陸軍服裝供售站.entitlements */ = {isa = PBXFileReference; lastKnownFileType = text.plist.entitlements; path = "陸軍服裝供售站.entitlements"; sourceTree = "<group>"; };
		EA48A10B25BA9C4D005718AF /* CommonAlert.swift */ = {isa = PBXFileReference; lastKnownFileType = sourcecode.swift; path = CommonAlert.swift; sourceTree = "<group>"; };
		EA74C42C25C13AB600473332 /* GoogleService-Info.plist */ = {isa = PBXFileReference; fileEncoding = 4; lastKnownFileType = text.plist.xml; path = "GoogleService-Info.plist"; sourceTree = "<group>"; };
		EA99CF1925B6BF2700355390 /* 陸軍服裝供售站.app */ = {isa = PBXFileReference; explicitFileType = wrapper.application; includeInIndex = 0; path = "陸軍服裝供售站.app"; sourceTree = BUILT_PRODUCTS_DIR; };
		EA99CF1C25B6BF2700355390 /* AppDelegate.swift */ = {isa = PBXFileReference; lastKnownFileType = sourcecode.swift; path = AppDelegate.swift; sourceTree = "<group>"; };
		EA99CF1E25B6BF2700355390 /* SceneDelegate.swift */ = {isa = PBXFileReference; lastKnownFileType = sourcecode.swift; path = SceneDelegate.swift; sourceTree = "<group>"; };
		EA99CF2025B6BF2700355390 /* ViewController.swift */ = {isa = PBXFileReference; lastKnownFileType = sourcecode.swift; path = ViewController.swift; sourceTree = "<group>"; };
		EA99CF2325B6BF2700355390 /* Base */ = {isa = PBXFileReference; lastKnownFileType = file.storyboard; name = Base; path = Base.lproj/Main.storyboard; sourceTree = "<group>"; };
		EA99CF2525B6BF3000355390 /* Assets.xcassets */ = {isa = PBXFileReference; lastKnownFileType = folder.assetcatalog; path = Assets.xcassets; sourceTree = "<group>"; };
		EA99CF2825B6BF3000355390 /* Base */ = {isa = PBXFileReference; lastKnownFileType = file.storyboard; name = Base; path = Base.lproj/LaunchScreen.storyboard; sourceTree = "<group>"; };
		EA99CF2A25B6BF3000355390 /* Info.plist */ = {isa = PBXFileReference; lastKnownFileType = text.plist.xml; path = Info.plist; sourceTree = "<group>"; };
		EA99CF2F25B6BF3100355390 /* 陸軍服裝供售站Tests.xctest */ = {isa = PBXFileReference; explicitFileType = wrapper.cfbundle; includeInIndex = 0; path = "陸軍服裝供售站Tests.xctest"; sourceTree = BUILT_PRODUCTS_DIR; };
		EA99CF3325B6BF3100355390 /* _______Tests.swift */ = {isa = PBXFileReference; lastKnownFileType = sourcecode.swift; path = "_______Tests.swift"; sourceTree = "<group>"; };
		EA99CF3525B6BF3100355390 /* Info.plist */ = {isa = PBXFileReference; lastKnownFileType = text.plist.xml; path = Info.plist; sourceTree = "<group>"; };
		EA99CF3A25B6BF3100355390 /* 陸軍服裝供售站UITests.xctest */ = {isa = PBXFileReference; explicitFileType = wrapper.cfbundle; includeInIndex = 0; path = "陸軍服裝供售站UITests.xctest"; sourceTree = BUILT_PRODUCTS_DIR; };
		EA99CF3E25B6BF3100355390 /* _______UITests.swift */ = {isa = PBXFileReference; lastKnownFileType = sourcecode.swift; path = "_______UITests.swift"; sourceTree = "<group>"; };
		EA99CF4025B6BF3100355390 /* Info.plist */ = {isa = PBXFileReference; lastKnownFileType = text.plist.xml; path = Info.plist; sourceTree = "<group>"; };
		EAA99A2D25E38961005FDAEA /* EnterBackgroundVC.swift */ = {isa = PBXFileReference; fileEncoding = 4; lastKnownFileType = sourcecode.swift; path = EnterBackgroundVC.swift; sourceTree = "<group>"; };
		EAC740BE25B700BC00881D5D /* Pods_陸軍服裝供售站.framework */ = {isa = PBXFileReference; explicitFileType = wrapper.framework; path = "Pods_陸軍服裝供售站.framework"; sourceTree = BUILT_PRODUCTS_DIR; };
		EAC740C625B700F900881D5D /* AlamofireManager.swift */ = {isa = PBXFileReference; lastKnownFileType = sourcecode.swift; path = AlamofireManager.swift; sourceTree = "<group>"; };
		EAC740CA25B71B2900881D5D /* RSAUtils.swift */ = {isa = PBXFileReference; lastKnownFileType = sourcecode.swift; path = RSAUtils.swift; sourceTree = "<group>"; };
		EAC740D125B73FC300881D5D /* JSPOST.html */ = {isa = PBXFileReference; fileEncoding = 4; lastKnownFileType = text.html; path = JSPOST.html; sourceTree = "<group>"; };
		EACA61C725BAA5AF00BF82B6 /* Font.swift */ = {isa = PBXFileReference; lastKnownFileType = sourcecode.swift; path = Font.swift; sourceTree = "<group>"; };
		EACDD2F725BAB6BB0005B9F2 /* PresetTableViewCell.swift */ = {isa = PBXFileReference; fileEncoding = 4; lastKnownFileType = sourcecode.swift; path = PresetTableViewCell.swift; sourceTree = "<group>"; };
		EACDD2F825BAB6BC0005B9F2 /* PresetsViewController.swift */ = {isa = PBXFileReference; fileEncoding = 4; lastKnownFileType = sourcecode.swift; path = PresetsViewController.swift; sourceTree = "<group>"; };
		EACDD2FC25BAB7F90005B9F2 /* SelectionHeaderView.swift */ = {isa = PBXFileReference; lastKnownFileType = sourcecode.swift; path = SelectionHeaderView.swift; sourceTree = "<group>"; };
		EACDD2FE25BAB8370005B9F2 /* PresetsDataSource.swift */ = {isa = PBXFileReference; lastKnownFileType = sourcecode.swift; path = PresetsDataSource.swift; sourceTree = "<group>"; };
		EACDD30025BAB87B0005B9F2 /* PresetDescription.swift */ = {isa = PBXFileReference; lastKnownFileType = sourcecode.swift; path = PresetDescription.swift; sourceTree = "<group>"; };
		EACDD30225BAB9380005B9F2 /* UIColor+Utils.swift */ = {isa = PBXFileReference; fileEncoding = 4; lastKnownFileType = sourcecode.swift; path = "UIColor+Utils.swift"; sourceTree = "<group>"; };
		EACDD30425BABAD20005B9F2 /* ContactsViewController.swift */ = {isa = PBXFileReference; fileEncoding = 4; lastKnownFileType = sourcecode.swift; path = ContactsViewController.swift; sourceTree = "<group>"; };
		EACDD30525BABAD30005B9F2 /* ContactsViewController.xib */ = {isa = PBXFileReference; fileEncoding = 4; lastKnownFileType = file.xib; path = ContactsViewController.xib; sourceTree = "<group>"; };
		EACDD30825BABAEF0005B9F2 /* ExampleNavigationViewController.swift */ = {isa = PBXFileReference; fileEncoding = 4; lastKnownFileType = sourcecode.swift; path = ExampleNavigationViewController.swift; sourceTree = "<group>"; };
		EACDD30A25BABB0A0005B9F2 /* NibExampleView.xib */ = {isa = PBXFileReference; fileEncoding = 4; lastKnownFileType = file.xib; path = NibExampleView.xib; sourceTree = "<group>"; };
		EACDD30B25BABB0A0005B9F2 /* NibExampleView.swift */ = {isa = PBXFileReference; fileEncoding = 4; lastKnownFileType = sourcecode.swift; path = NibExampleView.swift; sourceTree = "<group>"; };
		EACDD30E25BABB200005B9F2 /* ExampleViewController.swift */ = {isa = PBXFileReference; fileEncoding = 4; lastKnownFileType = sourcecode.swift; path = ExampleViewController.swift; sourceTree = "<group>"; };
		EACDD31025BABB5B0005B9F2 /* FormFieldPresetFactory.swift */ = {isa = PBXFileReference; fileEncoding = 4; lastKnownFileType = sourcecode.swift; path = FormFieldPresetFactory.swift; sourceTree = "<group>"; };
		EACDD31225BABB8E0005B9F2 /* DescriptionViewController.swift */ = {isa = PBXFileReference; fileEncoding = 4; lastKnownFileType = sourcecode.swift; path = DescriptionViewController.swift; sourceTree = "<group>"; };
		EACDD31325BABB8E0005B9F2 /* DescriptionViewController.xib */ = {isa = PBXFileReference; fileEncoding = 4; lastKnownFileType = file.xib; path = DescriptionViewController.xib; sourceTree = "<group>"; };
		EAE95A1D25C8FBDF00B300F4 /* serverForssl.cer */ = {isa = PBXFileReference; lastKnownFileType = file; path = serverForssl.cer; sourceTree = "<group>"; };
/* End PBXFileReference section */

/* Begin PBXFrameworksBuildPhase section */
		EA99CF1625B6BF2700355390 /* Frameworks */ = {
			isa = PBXFrameworksBuildPhase;
			buildActionMask = 2147483647;
			files = (
			);
			runOnlyForDeploymentPostprocessing = 0;
		};
		EA99CF2C25B6BF3100355390 /* Frameworks */ = {
			isa = PBXFrameworksBuildPhase;
			buildActionMask = 2147483647;
			files = (
			);
			runOnlyForDeploymentPostprocessing = 0;
		};
		EA99CF3725B6BF3100355390 /* Frameworks */ = {
			isa = PBXFrameworksBuildPhase;
			buildActionMask = 2147483647;
			files = (
			);
			runOnlyForDeploymentPostprocessing = 0;
		};
/* End PBXFrameworksBuildPhase section */

/* Begin PBXGroup section */
		63B7EF1DC9C51E00933C454E /* Frameworks */ = {
			isa = PBXGroup;
			children = (
				C8C34E5000454D659BC94D71 /* Pods________.framework */,
			);
			name = Frameworks;
			sourceTree = "<group>";
		};
		BE88D376E1296C75C862DF55 /* Pods */ = {
			isa = PBXGroup;
			children = (
				3A1FFB2B939C157DC2077B97 /* Pods-陸軍服裝供售站.debug.xcconfig */,
				793E9DBA06A7BBDEA7EDBED7 /* Pods-陸軍服裝供售站.release.xcconfig */,
			);
			path = Pods;
			sourceTree = "<group>";
		};
		EA200B8425B6D81D0098330D /* Signature */ = {
			isa = PBXGroup;
			children = (
				EA200B8525B6D83D0098330D /* DrawSignatureView.swift */,
				EA200B8725B6DA090098330D /* SignatureVC.swift */,
			);
			path = Signature;
			sourceTree = "<group>";
		};
		EA200B8B25B6FD5C0098330D /* RSA */ = {
			isa = PBXGroup;
			children = (
				EAC740CA25B71B2900881D5D /* RSAUtils.swift */,
			);
			path = RSA;
			sourceTree = "<group>";
		};
		EA99CF1025B6BF2700355390 = {
			isa = PBXGroup;
			children = (
				EAE95A1D25C8FBDF00B300F4 /* serverForssl.cer */,
				EA99CF1B25B6BF2700355390 /* 陸軍服裝供售站 */,
				EA99CF3225B6BF3100355390 /* 陸軍服裝供售站Tests */,
				EA99CF3D25B6BF3100355390 /* 陸軍服裝供售站UITests */,
				EA99CF1A25B6BF2700355390 /* Products */,
				BE88D376E1296C75C862DF55 /* Pods */,
				63B7EF1DC9C51E00933C454E /* Frameworks */,
				EAC740CE25B737DB00881D5D /* Recovered References */,
			);
			sourceTree = "<group>";
		};
		EA99CF1A25B6BF2700355390 /* Products */ = {
			isa = PBXGroup;
			children = (
				EA99CF1925B6BF2700355390 /* 陸軍服裝供售站.app */,
				EA99CF2F25B6BF3100355390 /* 陸軍服裝供售站Tests.xctest */,
				EA99CF3A25B6BF3100355390 /* 陸軍服裝供售站UITests.xctest */,
			);
			name = Products;
			sourceTree = "<group>";
		};
		EA99CF1B25B6BF2700355390 /* 陸軍服裝供售站 */ = {
			isa = PBXGroup;
			children = (
				EA331F6725BEB29500841D65 /* 陸軍服裝供售站.entitlements */,
				EA74C42C25C13AB600473332 /* GoogleService-Info.plist */,
				EACA61CB25BAA9F100BF82B6 /* Alert */,
				EA200B8B25B6FD5C0098330D /* RSA */,
				EA200B8425B6D81D0098330D /* Signature */,
				EA99CF1C25B6BF2700355390 /* AppDelegate.swift */,
				EA99CF1E25B6BF2700355390 /* SceneDelegate.swift */,
				EA99CF2025B6BF2700355390 /* ViewController.swift */,
				EA99CF2225B6BF2700355390 /* Main.storyboard */,
				EA99CF2525B6BF3000355390 /* Assets.xcassets */,
				EA99CF2725B6BF3000355390 /* LaunchScreen.storyboard */,
				EA99CF2A25B6BF3000355390 /* Info.plist */,
				EA200B7C25B6D4EB0098330D /* CommonObject.swift */,
				EA200B7E25B6D6080098330D /* CommonFunc.swift */,
				EAC740D125B73FC300881D5D /* JSPOST.html */,
				EA200B8025B6D69D0098330D /* WkWebviewMana.swift */,
				EA200B8225B6D7420098330D /* Extension.swift */,
				EA200B8925B6E05E0098330D /* KeyChainManager.swift */,
				EAA99A2D25E38961005FDAEA /* EnterBackgroundVC.swift */,
				EAC740C625B700F900881D5D /* AlamofireManager.swift */,
				EACDD30025BAB87B0005B9F2 /* PresetDescription.swift */,
			);
			path = "陸軍服裝供售站";
			sourceTree = "<group>";
		};
		EA99CF3225B6BF3100355390 /* 陸軍服裝供售站Tests */ = {
			isa = PBXGroup;
			children = (
				EA99CF3325B6BF3100355390 /* _______Tests.swift */,
				EA99CF3525B6BF3100355390 /* Info.plist */,
			);
			path = "陸軍服裝供售站Tests";
			sourceTree = "<group>";
		};
		EA99CF3D25B6BF3100355390 /* 陸軍服裝供售站UITests */ = {
			isa = PBXGroup;
			children = (
				EA99CF3E25B6BF3100355390 /* _______UITests.swift */,
				EA99CF4025B6BF3100355390 /* Info.plist */,
			);
			path = "陸軍服裝供售站UITests";
			sourceTree = "<group>";
		};
		EAC740CE25B737DB00881D5D /* Recovered References */ = {
			isa = PBXGroup;
			children = (
				EAC740BE25B700BC00881D5D /* Pods_陸軍服裝供售站.framework */,
			);
			name = "Recovered References";
			sourceTree = "<group>";
		};
		EACA61CB25BAA9F100BF82B6 /* Alert */ = {
			isa = PBXGroup;
			children = (
				EACDD31225BABB8E0005B9F2 /* DescriptionViewController.swift */,
				EACDD31325BABB8E0005B9F2 /* DescriptionViewController.xib */,
				EACDD30B25BABB0A0005B9F2 /* NibExampleView.swift */,
				EACDD31025BABB5B0005B9F2 /* FormFieldPresetFactory.swift */,
				EACDD30A25BABB0A0005B9F2 /* NibExampleView.xib */,
				EACDD30825BABAEF0005B9F2 /* ExampleNavigationViewController.swift */,
				EACDD30425BABAD20005B9F2 /* ContactsViewController.swift */,
				EACDD30525BABAD30005B9F2 /* ContactsViewController.xib */,
				EACDD2F825BAB6BC0005B9F2 /* PresetsViewController.swift */,
				EACDD30E25BABB200005B9F2 /* ExampleViewController.swift */,
				EACDD2F725BAB6BB0005B9F2 /* PresetTableViewCell.swift */,
				EA48A10B25BA9C4D005718AF /* CommonAlert.swift */,
				EACA61C725BAA5AF00BF82B6 /* Font.swift */,
				EACDD30225BAB9380005B9F2 /* UIColor+Utils.swift */,
				EACDD2FC25BAB7F90005B9F2 /* SelectionHeaderView.swift */,
				EACDD2FE25BAB8370005B9F2 /* PresetsDataSource.swift */,
			);
			path = Alert;
			sourceTree = "<group>";
		};
/* End PBXGroup section */

/* Begin PBXNativeTarget section */
		EA99CF1825B6BF2700355390 /* 陸軍服裝供售站 */ = {
			isa = PBXNativeTarget;
			buildConfigurationList = EA99CF4325B6BF3100355390 /* Build configuration list for PBXNativeTarget "陸軍服裝供售站" */;
			buildPhases = (
				7C7C6A4BC899C85DA1EA1D2B /* [CP] Check Pods Manifest.lock */,
				EA99CF1525B6BF2700355390 /* Sources */,
				EA99CF1625B6BF2700355390 /* Frameworks */,
				EA99CF1725B6BF2700355390 /* Resources */,
				0A8C63D8320BDEC60E9D53AF /* [CP] Embed Pods Frameworks */,
				EAC740C125B700BC00881D5D /* Embed Frameworks */,
			);
			buildRules = (
			);
			dependencies = (
			);
			name = "陸軍服裝供售站";
			productName = "陸軍服裝供售站";
			productReference = EA99CF1925B6BF2700355390 /* 陸軍服裝供售站.app */;
			productType = "com.apple.product-type.application";
		};
		EA99CF2E25B6BF3100355390 /* 陸軍服裝供售站Tests */ = {
			isa = PBXNativeTarget;
			buildConfigurationList = EA99CF4625B6BF3100355390 /* Build configuration list for PBXNativeTarget "陸軍服裝供售站Tests" */;
			buildPhases = (
				EA99CF2B25B6BF3100355390 /* Sources */,
				EA99CF2C25B6BF3100355390 /* Frameworks */,
				EA99CF2D25B6BF3100355390 /* Resources */,
			);
			buildRules = (
			);
			dependencies = (
				EA99CF3125B6BF3100355390 /* PBXTargetDependency */,
			);
			name = "陸軍服裝供售站Tests";
			productName = "陸軍服裝供售站Tests";
			productReference = EA99CF2F25B6BF3100355390 /* 陸軍服裝供售站Tests.xctest */;
			productType = "com.apple.product-type.bundle.unit-test";
		};
		EA99CF3925B6BF3100355390 /* 陸軍服裝供售站UITests */ = {
			isa = PBXNativeTarget;
			buildConfigurationList = EA99CF4925B6BF3100355390 /* Build configuration list for PBXNativeTarget "陸軍服裝供售站UITests" */;
			buildPhases = (
				EA99CF3625B6BF3100355390 /* Sources */,
				EA99CF3725B6BF3100355390 /* Frameworks */,
				EA99CF3825B6BF3100355390 /* Resources */,
			);
			buildRules = (
			);
			dependencies = (
				EA99CF3C25B6BF3100355390 /* PBXTargetDependency */,
			);
			name = "陸軍服裝供售站UITests";
			productName = "陸軍服裝供售站UITests";
			productReference = EA99CF3A25B6BF3100355390 /* 陸軍服裝供售站UITests.xctest */;
			productType = "com.apple.product-type.bundle.ui-testing";
		};
/* End PBXNativeTarget section */

/* Begin PBXProject section */
		EA99CF1125B6BF2700355390 /* Project object */ = {
			isa = PBXProject;
			attributes = {
				LastSwiftUpdateCheck = 1170;
				LastUpgradeCheck = 1170;
				ORGANIZATIONNAME = 19003471Claud;
				TargetAttributes = {
					EA99CF1825B6BF2700355390 = {
						CreatedOnToolsVersion = 11.7;
					};
					EA99CF2E25B6BF3100355390 = {
						CreatedOnToolsVersion = 11.7;
						TestTargetID = EA99CF1825B6BF2700355390;
					};
					EA99CF3925B6BF3100355390 = {
						CreatedOnToolsVersion = 11.7;
						TestTargetID = EA99CF1825B6BF2700355390;
					};
				};
			};
			buildConfigurationList = EA99CF1425B6BF2700355390 /* Build configuration list for PBXProject "陸軍服裝供售站" */;
			compatibilityVersion = "Xcode 9.3";
			developmentRegion = en;
			hasScannedForEncodings = 0;
			knownRegions = (
				en,
				Base,
			);
			mainGroup = EA99CF1025B6BF2700355390;
			productRefGroup = EA99CF1A25B6BF2700355390 /* Products */;
			projectDirPath = "";
			projectRoot = "";
			targets = (
				EA99CF1825B6BF2700355390 /* 陸軍服裝供售站 */,
				EA99CF2E25B6BF3100355390 /* 陸軍服裝供售站Tests */,
				EA99CF3925B6BF3100355390 /* 陸軍服裝供售站UITests */,
			);
		};
/* End PBXProject section */

/* Begin PBXResourcesBuildPhase section */
		EA99CF1725B6BF2700355390 /* Resources */ = {
			isa = PBXResourcesBuildPhase;
			buildActionMask = 2147483647;
			files = (
				EAE95A1E25C8FBDF00B300F4 /* serverForssl.cer in Resources */,
				EACDD31525BABB8E0005B9F2 /* DescriptionViewController.xib in Resources */,
				EA74C42D25C13AB600473332 /* GoogleService-Info.plist in Resources */,
				EA99CF2925B6BF3000355390 /* LaunchScreen.storyboard in Resources */,
				EACDD30C25BABB0A0005B9F2 /* NibExampleView.xib in Resources */,
				EAC740D225B73FC300881D5D /* JSPOST.html in Resources */,
				EA99CF2625B6BF3000355390 /* Assets.xcassets in Resources */,
				EA99CF2425B6BF2700355390 /* Main.storyboard in Resources */,
				EACDD30725BABAD30005B9F2 /* ContactsViewController.xib in Resources */,
			);
			runOnlyForDeploymentPostprocessing = 0;
		};
		EA99CF2D25B6BF3100355390 /* Resources */ = {
			isa = PBXResourcesBuildPhase;
			buildActionMask = 2147483647;
			files = (
			);
			runOnlyForDeploymentPostprocessing = 0;
		};
		EA99CF3825B6BF3100355390 /* Resources */ = {
			isa = PBXResourcesBuildPhase;
			buildActionMask = 2147483647;
			files = (
			);
			runOnlyForDeploymentPostprocessing = 0;
		};
/* End PBXResourcesBuildPhase section */

/* Begin PBXShellScriptBuildPhase section */
		0A8C63D8320BDEC60E9D53AF /* [CP] Embed Pods Frameworks */ = {
			isa = PBXShellScriptBuildPhase;
			buildActionMask = 2147483647;
			files = (
			);
			inputFileListPaths = (
				"${PODS_ROOT}/Target Support Files/Pods-陸軍服裝供售站/Pods-陸軍服裝供售站-frameworks-${CONFIGURATION}-input-files.xcfilelist",
			);
			name = "[CP] Embed Pods Frameworks";
			outputFileListPaths = (
				"${PODS_ROOT}/Target Support Files/Pods-陸軍服裝供售站/Pods-陸軍服裝供售站-frameworks-${CONFIGURATION}-output-files.xcfilelist",
			);
			runOnlyForDeploymentPostprocessing = 0;
			shellPath = /bin/sh;
			shellScript = "\"${PODS_ROOT}/Target Support Files/Pods-陸軍服裝供售站/Pods-陸軍服裝供售站-frameworks.sh\"\n";
			showEnvVarsInLog = 0;
		};
		7C7C6A4BC899C85DA1EA1D2B /* [CP] Check Pods Manifest.lock */ = {
			isa = PBXShellScriptBuildPhase;
			buildActionMask = 2147483647;
			files = (
			);
			inputFileListPaths = (
			);
			inputPaths = (
				"${PODS_PODFILE_DIR_PATH}/Podfile.lock",
				"${PODS_ROOT}/Manifest.lock",
			);
			name = "[CP] Check Pods Manifest.lock";
			outputFileListPaths = (
			);
			outputPaths = (
				"$(DERIVED_FILE_DIR)/Pods-陸軍服裝供售站-checkManifestLockResult.txt",
			);
			runOnlyForDeploymentPostprocessing = 0;
			shellPath = /bin/sh;
			shellScript = "diff \"${PODS_PODFILE_DIR_PATH}/Podfile.lock\" \"${PODS_ROOT}/Manifest.lock\" > /dev/null\nif [ $? != 0 ] ; then\n    # print error to STDERR\n    echo \"error: The sandbox is not in sync with the Podfile.lock. Run 'pod install' or update your CocoaPods installation.\" >&2\n    exit 1\nfi\n# This output is used by Xcode 'outputs' to avoid re-running this script phase.\necho \"SUCCESS\" > \"${SCRIPT_OUTPUT_FILE_0}\"\n";
			showEnvVarsInLog = 0;
		};
/* End PBXShellScriptBuildPhase section */

/* Begin PBXSourcesBuildPhase section */
		EA99CF1525B6BF2700355390 /* Sources */ = {
			isa = PBXSourcesBuildPhase;
			buildActionMask = 2147483647;
			files = (
				EA200B7F25B6D6080098330D /* CommonFunc.swift in Sources */,
				EACDD2FF25BAB8370005B9F2 /* PresetsDataSource.swift in Sources */,
				EA99CF2125B6BF2700355390 /* ViewController.swift in Sources */,
				EACA61C825BAA5AF00BF82B6 /* Font.swift in Sources */,
				EA200B8825B6DA090098330D /* SignatureVC.swift in Sources */,
				EACDD30D25BABB0A0005B9F2 /* NibExampleView.swift in Sources */,
				EACDD30325BAB9380005B9F2 /* UIColor+Utils.swift in Sources */,
				EA200B8325B6D7420098330D /* Extension.swift in Sources */,
				EAC740CB25B71B2900881D5D /* RSAUtils.swift in Sources */,
				EACDD30625BABAD30005B9F2 /* ContactsViewController.swift in Sources */,
				EA200B8125B6D69D0098330D /* WkWebviewMana.swift in Sources */,
				EAA99A2E25E38961005FDAEA /* EnterBackgroundVC.swift in Sources */,
				EACDD30125BAB87B0005B9F2 /* PresetDescription.swift in Sources */,
				EACDD2FD25BAB7F90005B9F2 /* SelectionHeaderView.swift in Sources */,
				EA200B7D25B6D4EB0098330D /* CommonObject.swift in Sources */,
				EA200B8625B6D83D0098330D /* DrawSignatureView.swift in Sources */,
				EACDD31425BABB8E0005B9F2 /* DescriptionViewController.swift in Sources */,
				EACDD2F925BAB6BC0005B9F2 /* PresetTableViewCell.swift in Sources */,
				EA200B8A25B6E05E0098330D /* KeyChainManager.swift in Sources */,
				EACDD30F25BABB210005B9F2 /* ExampleViewController.swift in Sources */,
				EACDD31125BABB5B0005B9F2 /* FormFieldPresetFactory.swift in Sources */,
				EA48A10C25BA9C4D005718AF /* CommonAlert.swift in Sources */,
				EACDD30925BABAEF0005B9F2 /* ExampleNavigationViewController.swift in Sources */,
				EACDD2FA25BAB6BC0005B9F2 /* PresetsViewController.swift in Sources */,
				EAC740C725B700F900881D5D /* AlamofireManager.swift in Sources */,
				EA99CF1D25B6BF2700355390 /* AppDelegate.swift in Sources */,
				EA99CF1F25B6BF2700355390 /* SceneDelegate.swift in Sources */,
			);
			runOnlyForDeploymentPostprocessing = 0;
		};
		EA99CF2B25B6BF3100355390 /* Sources */ = {
			isa = PBXSourcesBuildPhase;
			buildActionMask = 2147483647;
			files = (
				EA99CF3425B6BF3100355390 /* _______Tests.swift in Sources */,
			);
			runOnlyForDeploymentPostprocessing = 0;
		};
		EA99CF3625B6BF3100355390 /* Sources */ = {
			isa = PBXSourcesBuildPhase;
			buildActionMask = 2147483647;
			files = (
				EA99CF3F25B6BF3100355390 /* _______UITests.swift in Sources */,
			);
			runOnlyForDeploymentPostprocessing = 0;
		};
/* End PBXSourcesBuildPhase section */

/* Begin PBXTargetDependency section */
		EA99CF3125B6BF3100355390 /* PBXTargetDependency */ = {
			isa = PBXTargetDependency;
			target = EA99CF1825B6BF2700355390 /* 陸軍服裝供售站 */;
			targetProxy = EA99CF3025B6BF3100355390 /* PBXContainerItemProxy */;
		};
		EA99CF3C25B6BF3100355390 /* PBXTargetDependency */ = {
			isa = PBXTargetDependency;
			target = EA99CF1825B6BF2700355390 /* 陸軍服裝供售站 */;
			targetProxy = EA99CF3B25B6BF3100355390 /* PBXContainerItemProxy */;
		};
/* End PBXTargetDependency section */

/* Begin PBXVariantGroup section */
		EA99CF2225B6BF2700355390 /* Main.storyboard */ = {
			isa = PBXVariantGroup;
			children = (
				EA99CF2325B6BF2700355390 /* Base */,
			);
			name = Main.storyboard;
			sourceTree = "<group>";
		};
		EA99CF2725B6BF3000355390 /* LaunchScreen.storyboard */ = {
			isa = PBXVariantGroup;
			children = (
				EA99CF2825B6BF3000355390 /* Base */,
			);
			name = LaunchScreen.storyboard;
			sourceTree = "<group>";
		};
/* End PBXVariantGroup section */

/* Begin XCBuildConfiguration section */
		EA99CF4125B6BF3100355390 /* Debug */ = {
			isa = XCBuildConfiguration;
			buildSettings = {
				ALWAYS_SEARCH_USER_PATHS = NO;
				CLANG_ANALYZER_NONNULL = YES;
				CLANG_ANALYZER_NUMBER_OBJECT_CONVERSION = YES_AGGRESSIVE;
				CLANG_CXX_LANGUAGE_STANDARD = "gnu++14";
				CLANG_CXX_LIBRARY = "libc++";
				CLANG_ENABLE_MODULES = YES;
				CLANG_ENABLE_OBJC_ARC = YES;
				CLANG_ENABLE_OBJC_WEAK = YES;
				CLANG_WARN_BLOCK_CAPTURE_AUTORELEASING = YES;
				CLANG_WARN_BOOL_CONVERSION = YES;
				CLANG_WARN_COMMA = YES;
				CLANG_WARN_CONSTANT_CONVERSION = YES;
				CLANG_WARN_DEPRECATED_OBJC_IMPLEMENTATIONS = YES;
				CLANG_WARN_DIRECT_OBJC_ISA_USAGE = YES_ERROR;
				CLANG_WARN_DOCUMENTATION_COMMENTS = YES;
				CLANG_WARN_EMPTY_BODY = YES;
				CLANG_WARN_ENUM_CONVERSION = YES;
				CLANG_WARN_INFINITE_RECURSION = YES;
				CLANG_WARN_INT_CONVERSION = YES;
				CLANG_WARN_NON_LITERAL_NULL_CONVERSION = YES;
				CLANG_WARN_OBJC_IMPLICIT_RETAIN_SELF = YES;
				CLANG_WARN_OBJC_LITERAL_CONVERSION = YES;
				CLANG_WARN_OBJC_ROOT_CLASS = YES_ERROR;
				CLANG_WARN_RANGE_LOOP_ANALYSIS = YES;
				CLANG_WARN_STRICT_PROTOTYPES = YES;
				CLANG_WARN_SUSPICIOUS_MOVE = YES;
				CLANG_WARN_UNGUARDED_AVAILABILITY = YES_AGGRESSIVE;
				CLANG_WARN_UNREACHABLE_CODE = YES;
				CLANG_WARN__DUPLICATE_METHOD_MATCH = YES;
				COPY_PHASE_STRIP = NO;
				DEBUG_INFORMATION_FORMAT = dwarf;
				ENABLE_STRICT_OBJC_MSGSEND = YES;
				ENABLE_TESTABILITY = YES;
				GCC_C_LANGUAGE_STANDARD = gnu11;
				GCC_DYNAMIC_NO_PIC = NO;
				GCC_NO_COMMON_BLOCKS = YES;
				GCC_OPTIMIZATION_LEVEL = 0;
				GCC_PREPROCESSOR_DEFINITIONS = (
					"DEBUG=1",
					"$(inherited)",
				);
				GCC_WARN_64_TO_32_BIT_CONVERSION = YES;
				GCC_WARN_ABOUT_RETURN_TYPE = YES_ERROR;
				GCC_WARN_UNDECLARED_SELECTOR = YES;
				GCC_WARN_UNINITIALIZED_AUTOS = YES_AGGRESSIVE;
				GCC_WARN_UNUSED_FUNCTION = YES;
				GCC_WARN_UNUSED_VARIABLE = YES;
				IPHONEOS_DEPLOYMENT_TARGET = 13.7;
				MTL_ENABLE_DEBUG_INFO = INCLUDE_SOURCE;
				MTL_FAST_MATH = YES;
				ONLY_ACTIVE_ARCH = YES;
				SDKROOT = iphoneos;
				SWIFT_ACTIVE_COMPILATION_CONDITIONS = DEBUG;
				SWIFT_OPTIMIZATION_LEVEL = "-Onone";
			};
			name = Debug;
		};
		EA99CF4225B6BF3100355390 /* Release */ = {
			isa = XCBuildConfiguration;
			buildSettings = {
				ALWAYS_SEARCH_USER_PATHS = NO;
				CLANG_ANALYZER_NONNULL = YES;
				CLANG_ANALYZER_NUMBER_OBJECT_CONVERSION = YES_AGGRESSIVE;
				CLANG_CXX_LANGUAGE_STANDARD = "gnu++14";
				CLANG_CXX_LIBRARY = "libc++";
				CLANG_ENABLE_MODULES = YES;
				CLANG_ENABLE_OBJC_ARC = YES;
				CLANG_ENABLE_OBJC_WEAK = YES;
				CLANG_WARN_BLOCK_CAPTURE_AUTORELEASING = YES;
				CLANG_WARN_BOOL_CONVERSION = YES;
				CLANG_WARN_COMMA = YES;
				CLANG_WARN_CONSTANT_CONVERSION = YES;
				CLANG_WARN_DEPRECATED_OBJC_IMPLEMENTATIONS = YES;
				CLANG_WARN_DIRECT_OBJC_ISA_USAGE = YES_ERROR;
				CLANG_WARN_DOCUMENTATION_COMMENTS = YES;
				CLANG_WARN_EMPTY_BODY = YES;
				CLANG_WARN_ENUM_CONVERSION = YES;
				CLANG_WARN_INFINITE_RECURSION = YES;
				CLANG_WARN_INT_CONVERSION = YES;
				CLANG_WARN_NON_LITERAL_NULL_CONVERSION = YES;
				CLANG_WARN_OBJC_IMPLICIT_RETAIN_SELF = YES;
				CLANG_WARN_OBJC_LITERAL_CONVERSION = YES;
				CLANG_WARN_OBJC_ROOT_CLASS = YES_ERROR;
				CLANG_WARN_RANGE_LOOP_ANALYSIS = YES;
				CLANG_WARN_STRICT_PROTOTYPES = YES;
				CLANG_WARN_SUSPICIOUS_MOVE = YES;
				CLANG_WARN_UNGUARDED_AVAILABILITY = YES_AGGRESSIVE;
				CLANG_WARN_UNREACHABLE_CODE = YES;
				CLANG_WARN__DUPLICATE_METHOD_MATCH = YES;
				COPY_PHASE_STRIP = NO;
				DEBUG_INFORMATION_FORMAT = "dwarf-with-dsym";
				ENABLE_NS_ASSERTIONS = NO;
				ENABLE_STRICT_OBJC_MSGSEND = YES;
				GCC_C_LANGUAGE_STANDARD = gnu11;
				GCC_NO_COMMON_BLOCKS = YES;
				GCC_WARN_64_TO_32_BIT_CONVERSION = YES;
				GCC_WARN_ABOUT_RETURN_TYPE = YES_ERROR;
				GCC_WARN_UNDECLARED_SELECTOR = YES;
				GCC_WARN_UNINITIALIZED_AUTOS = YES_AGGRESSIVE;
				GCC_WARN_UNUSED_FUNCTION = YES;
				GCC_WARN_UNUSED_VARIABLE = YES;
				IPHONEOS_DEPLOYMENT_TARGET = 13.7;
				MTL_ENABLE_DEBUG_INFO = NO;
				MTL_FAST_MATH = YES;
				SDKROOT = iphoneos;
				SWIFT_COMPILATION_MODE = wholemodule;
				SWIFT_OPTIMIZATION_LEVEL = "-O";
				VALIDATE_PRODUCT = YES;
			};
			name = Release;
		};
		EA99CF4425B6BF3100355390 /* Debug */ = {
			isa = XCBuildConfiguration;
			baseConfigurationReference = 3A1FFB2B939C157DC2077B97 /* Pods-陸軍服裝供售站.debug.xcconfig */;
			buildSettings = {
				ASSETCATALOG_COMPILER_APPICON_NAME = AppIcon;
				CODE_SIGN_ENTITLEMENTS = "陸軍服裝供售站/陸軍服裝供售站.entitlements";
				CODE_SIGN_IDENTITY = "iPhone Developer";
				CODE_SIGN_STYLE = Automatic;
				CURRENT_PROJECT_VERSION = 1;
				DEVELOPMENT_TEAM = NVS87C6DGC;
				INFOPLIST_FILE = "陸軍服裝供售站/Info.plist";
				IPHONEOS_DEPLOYMENT_TARGET = 12.0;
				LD_RUNPATH_SEARCH_PATHS = (
					"$(inherited)",
					"@executable_path/Frameworks",
				);
				MARKETING_VERSION = 1.2.1;
				PRODUCT_BUNDLE_IDENTIFIER = armymart.cloud.ec;
				PRODUCT_NAME = "$(TARGET_NAME)";
				PROVISIONING_PROFILE_SPECIFIER = "";
				SWIFT_VERSION = 4.2;
				TARGETED_DEVICE_FAMILY = "1,2";
			};
			name = Debug;
		};
		EA99CF4525B6BF3100355390 /* Release */ = {
			isa = XCBuildConfiguration;
			baseConfigurationReference = 793E9DBA06A7BBDEA7EDBED7 /* Pods-陸軍服裝供售站.release.xcconfig */;
			buildSettings = {
				ASSETCATALOG_COMPILER_APPICON_NAME = AppIcon;
				CODE_SIGN_ENTITLEMENTS = "陸軍服裝供售站/陸軍服裝供售站.entitlements";
				CODE_SIGN_IDENTITY = "iPhone Developer";
				CODE_SIGN_STYLE = Automatic;
				CURRENT_PROJECT_VERSION = 1;
				DEVELOPMENT_TEAM = NVS87C6DGC;
				INFOPLIST_FILE = "陸軍服裝供售站/Info.plist";
				IPHONEOS_DEPLOYMENT_TARGET = 12.0;
				LD_RUNPATH_SEARCH_PATHS = (
					"$(inherited)",
					"@executable_path/Frameworks",
				);
				MARKETING_VERSION = 1.2.1;
				PRODUCT_BUNDLE_IDENTIFIER = armymart.cloud.ec;
				PRODUCT_NAME = "$(TARGET_NAME)";
				PROVISIONING_PROFILE_SPECIFIER = "";
				SWIFT_VERSION = 4.2;
				TARGETED_DEVICE_FAMILY = "1,2";
			};
			name = Release;
		};
		EA99CF4725B6BF3100355390 /* Debug */ = {
			isa = XCBuildConfiguration;
			buildSettings = {
				ALWAYS_EMBED_SWIFT_STANDARD_LIBRARIES = YES;
				BUNDLE_LOADER = "$(TEST_HOST)";
				CODE_SIGN_STYLE = Automatic;
				DEVELOPMENT_TEAM = 884W23P95V;
				INFOPLIST_FILE = "陸軍服裝供售站Tests/Info.plist";
				IPHONEOS_DEPLOYMENT_TARGET = 13.7;
				LD_RUNPATH_SEARCH_PATHS = (
					"$(inherited)",
					"@executable_path/Frameworks",
					"@loader_path/Frameworks",
				);
				PRODUCT_BUNDLE_IDENTIFIER = "Systex.-------Tests";
				PRODUCT_NAME = "$(TARGET_NAME)";
				SWIFT_VERSION = 5.0;
				TARGETED_DEVICE_FAMILY = "1,2";
				TEST_HOST = "$(BUILT_PRODUCTS_DIR)/陸軍服裝供售站.app/陸軍服裝供售站";
			};
			name = Debug;
		};
		EA99CF4825B6BF3100355390 /* Release */ = {
			isa = XCBuildConfiguration;
			buildSettings = {
				ALWAYS_EMBED_SWIFT_STANDARD_LIBRARIES = YES;
				BUNDLE_LOADER = "$(TEST_HOST)";
				CODE_SIGN_STYLE = Automatic;
				DEVELOPMENT_TEAM = 884W23P95V;
				INFOPLIST_FILE = "陸軍服裝供售站Tests/Info.plist";
				IPHONEOS_DEPLOYMENT_TARGET = 13.7;
				LD_RUNPATH_SEARCH_PATHS = (
					"$(inherited)",
					"@executable_path/Frameworks",
					"@loader_path/Frameworks",
				);
				PRODUCT_BUNDLE_IDENTIFIER = "Systex.-------Tests";
				PRODUCT_NAME = "$(TARGET_NAME)";
				SWIFT_VERSION = 5.0;
				TARGETED_DEVICE_FAMILY = "1,2";
				TEST_HOST = "$(BUILT_PRODUCTS_DIR)/陸軍服裝供售站.app/陸軍服裝供售站";
			};
			name = Release;
		};
		EA99CF4A25B6BF3100355390 /* Debug */ = {
			isa = XCBuildConfiguration;
			buildSettings = {
				ALWAYS_EMBED_SWIFT_STANDARD_LIBRARIES = YES;
				CODE_SIGN_STYLE = Automatic;
				DEVELOPMENT_TEAM = 884W23P95V;
				INFOPLIST_FILE = "陸軍服裝供售站UITests/Info.plist";
				LD_RUNPATH_SEARCH_PATHS = (
					"$(inherited)",
					"@executable_path/Frameworks",
					"@loader_path/Frameworks",
				);
				PRODUCT_BUNDLE_IDENTIFIER = "Systex.-------UITests";
				PRODUCT_NAME = "$(TARGET_NAME)";
				SWIFT_VERSION = 5.0;
				TARGETED_DEVICE_FAMILY = "1,2";
				TEST_TARGET_NAME = "陸軍服裝供售站";
			};
			name = Debug;
		};
		EA99CF4B25B6BF3100355390 /* Release */ = {
			isa = XCBuildConfiguration;
			buildSettings = {
				ALWAYS_EMBED_SWIFT_STANDARD_LIBRARIES = YES;
				CODE_SIGN_STYLE = Automatic;
				DEVELOPMENT_TEAM = 884W23P95V;
				INFOPLIST_FILE = "陸軍服裝供售站UITests/Info.plist";
				LD_RUNPATH_SEARCH_PATHS = (
					"$(inherited)",
					"@executable_path/Frameworks",
					"@loader_path/Frameworks",
				);
				PRODUCT_BUNDLE_IDENTIFIER = "Systex.-------UITests";
				PRODUCT_NAME = "$(TARGET_NAME)";
				SWIFT_VERSION = 5.0;
				TARGETED_DEVICE_FAMILY = "1,2";
				TEST_TARGET_NAME = "陸軍服裝供售站";
			};
			name = Release;
		};
/* End XCBuildConfiguration section */

/* Begin XCConfigurationList section */
		EA99CF1425B6BF2700355390 /* Build configuration list for PBXProject "陸軍服裝供售站" */ = {
			isa = XCConfigurationList;
			buildConfigurations = (
				EA99CF4125B6BF3100355390 /* Debug */,
				EA99CF4225B6BF3100355390 /* Release */,
			);
			defaultConfigurationIsVisible = 0;
			defaultConfigurationName = Release;
		};
		EA99CF4325B6BF3100355390 /* Build configuration list for PBXNativeTarget "陸軍服裝供售站" */ = {
			isa = XCConfigurationList;
			buildConfigurations = (
				EA99CF4425B6BF3100355390 /* Debug */,
				EA99CF4525B6BF3100355390 /* Release */,
			);
			defaultConfigurationIsVisible = 0;
			defaultConfigurationName = Release;
		};
		EA99CF4625B6BF3100355390 /* Build configuration list for PBXNativeTarget "陸軍服裝供售站Tests" */ = {
			isa = XCConfigurationList;
			buildConfigurations = (
				EA99CF4725B6BF3100355390 /* Debug */,
				EA99CF4825B6BF3100355390 /* Release */,
			);
			defaultConfigurationIsVisible = 0;
			defaultConfigurationName = Release;
		};
		EA99CF4925B6BF3100355390 /* Build configuration list for PBXNativeTarget "陸軍服裝供售站UITests" */ = {
			isa = XCConfigurationList;
			buildConfigurations = (
				EA99CF4A25B6BF3100355390 /* Debug */,
				EA99CF4B25B6BF3100355390 /* Release */,
			);
			defaultConfigurationIsVisible = 0;
			defaultConfigurationName = Release;
		};
/* End XCConfigurationList section */
	};
	rootObject = EA99CF1125B6BF2700355390 /* Project object */;
}
